{
  "name": "cordova-plugin-mixpanel",
  "version": "5.0.0",
  "lockfileVersion": 2,
  "requires": true,
  "packages": {
    "": {
      "name": "cordova-plugin-mixpanel",
      "version": "5.0.0",
      "license": "MIT",
      "engines": {
        "cordovaDependencies": {
          "<3.0.0": {
            "cordova": ">=5.0.0"
          },
          "<5.0.0": {
            "cordova": ">=6.4.0",
            "cordova-android": ">=6.1.0",
            "cordova-ios": ">=4.3.0"
          }
        }
      }
    }
  }
}
